
Microsoft Visual Studio Solution File, Format Version 12.00
# Visual Studio Version 17
VisualStudioVersion = 17.4.33213.308
MinimumVisualStudioVersion = 10.0.40219.1
Project("{FAE04EC0-301F-11D3-BF4B-00C04F79EFBC}") = "CadastroCliente", "CadastroCliente\CadastroCliente.csproj", "{A2C61713-4B19-464E-BA24-4018E2E4CDB4}"
EndProject
Global
	GlobalSection(SolutionConfigurationPlatforms) = preSolution
		Debug|Any CPU = Debug|Any CPU
		Release|Any CPU = Release|Any CPU
	EndGlobalSection
	GlobalSection(ProjectConfigurationPlatforms) = postSolution
		{A2C61713-4B19-464E-BA24-4018E2E4CDB4}.Debug|Any CPU.ActiveCfg = Debug|Any CPU
		{A2C61713-4B19-464E-BA24-4018E2E4CDB4}.Debug|Any CPU.Build.0 = Debug|Any CPU
		{A2C61713-4B19-464E-BA24-4018E2E4CDB4}.Release|Any CPU.ActiveCfg = Release|Any CPU
		{A2C61713-4B19-464E-BA24-4018E2E4CDB4}.Release|Any CPU.Build.0 = Release|Any CPU
	EndGlobalSection
	GlobalSection(SolutionProperties) = preSolution
		HideSolutionNode = FALSE
	EndGlobalSection
	GlobalSection(ExtensibilityGlobals) = postSolution
		SolutionGuid = {6D0755D4-7D7B-4A01-A840-A5E936803A90}
	EndGlobalSection
EndGlobal
